
Microsoft Visual Studio Solution File, Format Version 12.00
# Visual Studio Version 17
VisualStudioVersion = 17.3.32929.385
MinimumVisualStudioVersion = 10.0.40219.1
Project("{FAE04EC0-301F-11D3-BF4B-00C04F79EFBC}") = "DenemeUygulama2", "DenemeUygulama2\DenemeUygulama2.csproj", "{42117DC5-13F3-4F4D-B737-5445A780F69D}"
EndProject
Global
	GlobalSection(SolutionConfigurationPlatforms) = preSolution
		Debug|Any CPU = Debug|Any CPU
		Release|Any CPU = Release|Any CPU
	EndGlobalSection
	GlobalSection(ProjectConfigurationPlatforms) = postSolution
		{42117DC5-13F3-4F4D-B737-5445A780F69D}.Debug|Any CPU.ActiveCfg = Debug|Any CPU
		{42117DC5-13F3-4F4D-B737-5445A780F69D}.Debug|Any CPU.Build.0 = Debug|Any CPU
		{42117DC5-13F3-4F4D-B737-5445A780F69D}.Release|Any CPU.ActiveCfg = Release|Any CPU
		{42117DC5-13F3-4F4D-B737-5445A780F69D}.Release|Any CPU.Build.0 = Release|Any CPU
	EndGlobalSection
	GlobalSection(SolutionProperties) = preSolution
		HideSolutionNode = FALSE
	EndGlobalSection
	GlobalSection(ExtensibilityGlobals) = postSolution
		SolutionGuid = {3FE6EAEC-AEBB-443A-A8CD-0AA6F71DE24F}
	EndGlobalSection
EndGlobal
